
Microsoft Visual Studio Solution File, Format Version 12.00
# Visual Studio Version 17
VisualStudioVersion = 17.8.34330.188
MinimumVisualStudioVersion = 10.0.40219.1
Project("{FAE04EC0-301F-11D3-BF4B-00C04F79EFBC}") = "AlphaGo", "AlphaGo\AlphaGo.csproj", "{BEDB66A6-EC8E-493C-9A83-4BF3321B34A1}"
EndProject
Project("{FAE04EC0-301F-11D3-BF4B-00C04F79EFBC}") = "AlphaGo.WpfApp", "AlphaGo.WpfApp\AlphaGo.WpfApp.csproj", "{CA6A9917-D967-4EB3-9928-32A81497B020}"
EndProject
Global
	GlobalSection(SolutionConfigurationPlatforms) = preSolution
		Debug|Any CPU = Debug|Any CPU
		Release|Any CPU = Release|Any CPU
	EndGlobalSection
	GlobalSection(ProjectConfigurationPlatforms) = postSolution
		{BEDB66A6-EC8E-493C-9A83-4BF3321B34A1}.Debug|Any CPU.ActiveCfg = Debug|Any CPU
		{BEDB66A6-EC8E-493C-9A83-4BF3321B34A1}.Debug|Any CPU.Build.0 = Debug|Any CPU
		{BEDB66A6-EC8E-493C-9A83-4BF3321B34A1}.Release|Any CPU.ActiveCfg = Release|Any CPU
		{BEDB66A6-EC8E-493C-9A83-4BF3321B34A1}.Release|Any CPU.Build.0 = Release|Any CPU
		{CA6A9917-D967-4EB3-9928-32A81497B020}.Debug|Any CPU.ActiveCfg = Debug|Any CPU
		{CA6A9917-D967-4EB3-9928-32A81497B020}.Debug|Any CPU.Build.0 = Debug|Any CPU
		{CA6A9917-D967-4EB3-9928-32A81497B020}.Release|Any CPU.ActiveCfg = Release|Any CPU
		{CA6A9917-D967-4EB3-9928-32A81497B020}.Release|Any CPU.Build.0 = Release|Any CPU
	EndGlobalSection
	GlobalSection(SolutionProperties) = preSolution
		HideSolutionNode = FALSE
	EndGlobalSection
	GlobalSection(ExtensibilityGlobals) = postSolution
		SolutionGuid = {091AAB6E-C75A-41D2-A186-AFB39B995912}
	EndGlobalSection
EndGlobal
